{
  "requires": true,
  "lockfileVersion": 1,
  "dependencies": {
    "leaflet": {
      "version": "1.5.1",
      "resolved": "https://registry.npmjs.org/leaflet/-/leaflet-1.5.1.tgz",
      "integrity": "sha512-ekM9KAeG99tYisNBg0IzEywAlp0hYI5XRipsqRXyRTeuU8jcuntilpp+eFf5gaE0xubc9RuSNIVtByEKwqFV0w=="
    },
    "leaflet.layergroup.collision": {
      "version": "0.3.1",
      "resolved": "https://registry.npmjs.org/leaflet.layergroup.collision/-/leaflet.layergroup.collision-0.3.1.tgz",
      "integrity": "sha1-GZY6Fd8KmyFHFHz+HLAHm93IArk=",
      "requires": {
        "leaflet": "^1.0.0-beta.2",
        "rbush": "^1.4.2"
      }
    },
    "rbush": {
      "version": "1.4.3",
      "resolved": "https://registry.npmjs.org/rbush/-/rbush-1.4.3.tgz",
      "integrity": "sha1-eHTi04kR0nGeoncx0yRF2l7EOUw="
    }
  }
}
